// !$*UTF8*$!
{
	archiveVersion = 1;
	classes = {
	};
	objectVersion = 56;
	objects = {

/* Begin PBXBuildFile section */
		7A9BBE15297DBEB100CBD1FD /* City.swift in Sources */ = {isa = PBXBuildFile; fileRef = 7A9BBE0C297DBEB100CBD1FD /* City.swift */; };
		7A9BBE16297DBEB100CBD1FD /* Weather.swift in Sources */ = {isa = PBXBuildFile; fileRef = 7A9BBE0D297DBEB100CBD1FD /* Weather.swift */; };
		7A9BBE17297DBEB100CBD1FD /* List.swift in Sources */ = {isa = PBXBuildFile; fileRef = 7A9BBE0E297DBEB100CBD1FD /* List.swift */; };
		7A9BBE1A297DBEB100CBD1FD /* Sys.swift in Sources */ = {isa = PBXBuildFile; fileRef = 7A9BBE11297DBEB100CBD1FD /* Sys.swift */; };
		7A9BBE1B297DBEB100CBD1FD /* Main.swift in Sources */ = {isa = PBXBuildFile; fileRef = 7A9BBE12297DBEB100CBD1FD /* Main.swift */; };
		7A9BBE1C297DC49C00CBD1FD /* Forecast.swift in Sources */ = {isa = PBXBuildFile; fileRef = 7A9BBE10297DBEB100CBD1FD /* Forecast.swift */; };
		7A9BBE1E297DCE9000CBD1FD /* Wind.swift in Sources */ = {isa = PBXBuildFile; fileRef = 7A9BBE1D297DCE8F00CBD1FD /* Wind.swift */; };
		7AAE96C9297D3E2B00CEF61E /* AppDelegate.swift in Sources */ = {isa = PBXBuildFile; fileRef = 7AAE96C8297D3E2B00CEF61E /* AppDelegate.swift */; };
		7AAE96CB297D3E2B00CEF61E /* SceneDelegate.swift in Sources */ = {isa = PBXBuildFile; fileRef = 7AAE96CA297D3E2B00CEF61E /* SceneDelegate.swift */; };
		7AAE96CD297D3E2B00CEF61E /* WeatherViewController.swift in Sources */ = {isa = PBXBuildFile; fileRef = 7AAE96CC297D3E2B00CEF61E /* WeatherViewController.swift */; };
		7AAE96D3297D3E2B00CEF61E /* WeatherApp.xcdatamodeld in Sources */ = {isa = PBXBuildFile; fileRef = 7AAE96D1297D3E2B00CEF61E /* WeatherApp.xcdatamodeld */; };
		7AAE96D5297D3E2C00CEF61E /* Assets.xcassets in Resources */ = {isa = PBXBuildFile; fileRef = 7AAE96D4297D3E2C00CEF61E /* Assets.xcassets */; };
		7AAE96D8297D3E2C00CEF61E /* LaunchScreen.storyboard in Resources */ = {isa = PBXBuildFile; fileRef = 7AAE96D6297D3E2C00CEF61E /* LaunchScreen.storyboard */; };
		7AAE96E7297D437D00CEF61E /* Weather.storyboard in Resources */ = {isa = PBXBuildFile; fileRef = 7AAE96E6297D437D00CEF61E /* Weather.storyboard */; };
		7AAE96EB297D4EDC00CEF61E /* WeatherListTableViewController.swift in Sources */ = {isa = PBXBuildFile; fileRef = 7AAE96EA297D4EDC00CEF61E /* WeatherListTableViewController.swift */; };
		7AAE96F3297D576900CEF61E /* WeatherCityRequest.swift in Sources */ = {isa = PBXBuildFile; fileRef = 7AAE96F2297D576900CEF61E /* WeatherCityRequest.swift */; };
		7AF7040E297D8F1A00CD01B9 /* CityBase.swift in Sources */ = {isa = PBXBuildFile; fileRef = 7AF7040C297D8F1A00CD01B9 /* CityBase.swift */; };
		7AF70414297D9AB800CD01B9 /* ObjectMapper in Frameworks */ = {isa = PBXBuildFile; productRef = 7AF70413297D9AB800CD01B9 /* ObjectMapper */; };
		7AF70417297D9AF800CD01B9 /* Alamofire in Frameworks */ = {isa = PBXBuildFile; productRef = 7AF70416297D9AF800CD01B9 /* Alamofire */; };
		7AF7041F297DA46E00CD01B9 /* Coord.swift in Sources */ = {isa = PBXBuildFile; fileRef = 7AF70418297DA46E00CD01B9 /* Coord.swift */; };
		7AF70422297DA46E00CD01B9 /* CurrentWeather.swift in Sources */ = {isa = PBXBuildFile; fileRef = 7AF7041B297DA46E00CD01B9 /* CurrentWeather.swift */; };
		7AF70423297DA46E00CD01B9 /* Clouds.swift in Sources */ = {isa = PBXBuildFile; fileRef = 7AF7041C297DA46E00CD01B9 /* Clouds.swift */; };
/* End PBXBuildFile section */

/* Begin PBXFileReference section */
		7A9BBE0C297DBEB100CBD1FD /* City.swift */ = {isa = PBXFileReference; fileEncoding = 4; lastKnownFileType = sourcecode.swift; path = City.swift; sourceTree = "<group>"; };
		7A9BBE0D297DBEB100CBD1FD /* Weather.swift */ = {isa = PBXFileReference; fileEncoding = 4; lastKnownFileType = sourcecode.swift; path = Weather.swift; sourceTree = "<group>"; };
		7A9BBE0E297DBEB100CBD1FD /* List.swift */ = {isa = PBXFileReference; fileEncoding = 4; lastKnownFileType = sourcecode.swift; path = List.swift; sourceTree = "<group>"; };
		7A9BBE10297DBEB100CBD1FD /* Forecast.swift */ = {isa = PBXFileReference; fileEncoding = 4; lastKnownFileType = sourcecode.swift; path = Forecast.swift; sourceTree = "<group>"; };
		7A9BBE11297DBEB100CBD1FD /* Sys.swift */ = {isa = PBXFileReference; fileEncoding = 4; lastKnownFileType = sourcecode.swift; path = Sys.swift; sourceTree = "<group>"; };
		7A9BBE12297DBEB100CBD1FD /* Main.swift */ = {isa = PBXFileReference; fileEncoding = 4; lastKnownFileType = sourcecode.swift; path = Main.swift; sourceTree = "<group>"; };
		7A9BBE1D297DCE8F00CBD1FD /* Wind.swift */ = {isa = PBXFileReference; fileEncoding = 4; lastKnownFileType = sourcecode.swift; path = Wind.swift; sourceTree = "<group>"; };
		7AAE96C5297D3E2B00CEF61E /* WeatherApp.app */ = {isa = PBXFileReference; explicitFileType = wrapper.application; includeInIndex = 0; path = WeatherApp.app; sourceTree = BUILT_PRODUCTS_DIR; };
		7AAE96C8297D3E2B00CEF61E /* AppDelegate.swift */ = {isa = PBXFileReference; lastKnownFileType = sourcecode.swift; path = AppDelegate.swift; sourceTree = "<group>"; };
		7AAE96CA297D3E2B00CEF61E /* SceneDelegate.swift */ = {isa = PBXFileReference; lastKnownFileType = sourcecode.swift; path = SceneDelegate.swift; sourceTree = "<group>"; };
		7AAE96CC297D3E2B00CEF61E /* WeatherViewController.swift */ = {isa = PBXFileReference; lastKnownFileType = sourcecode.swift; path = WeatherViewController.swift; sourceTree = "<group>"; };
		7AAE96D2297D3E2B00CEF61E /* WeatherApp.xcdatamodel */ = {isa = PBXFileReference; lastKnownFileType = wrapper.xcdatamodel; path = WeatherApp.xcdatamodel; sourceTree = "<group>"; };
		7AAE96D4297D3E2C00CEF61E /* Assets.xcassets */ = {isa = PBXFileReference; lastKnownFileType = folder.assetcatalog; path = Assets.xcassets; sourceTree = "<group>"; };
		7AAE96D7297D3E2C00CEF61E /* Base */ = {isa = PBXFileReference; lastKnownFileType = file.storyboard; name = Base; path = Base.lproj/LaunchScreen.storyboard; sourceTree = "<group>"; };
		7AAE96D9297D3E2C00CEF61E /* Info.plist */ = {isa = PBXFileReference; lastKnownFileType = text.plist.xml; path = Info.plist; sourceTree = "<group>"; };
		7AAE96E6297D437D00CEF61E /* Weather.storyboard */ = {isa = PBXFileReference; lastKnownFileType = file.storyboard; path = Weather.storyboard; sourceTree = "<group>"; };
		7AAE96EA297D4EDC00CEF61E /* WeatherListTableViewController.swift */ = {isa = PBXFileReference; lastKnownFileType = sourcecode.swift; path = WeatherListTableViewController.swift; sourceTree = "<group>"; };
		7AAE96F2297D576900CEF61E /* WeatherCityRequest.swift */ = {isa = PBXFileReference; lastKnownFileType = sourcecode.swift; path = WeatherCityRequest.swift; sourceTree = "<group>"; };
		7AF7040C297D8F1A00CD01B9 /* CityBase.swift */ = {isa = PBXFileReference; fileEncoding = 4; lastKnownFileType = sourcecode.swift; path = CityBase.swift; sourceTree = "<group>"; };
		7AF70418297DA46E00CD01B9 /* Coord.swift */ = {isa = PBXFileReference; fileEncoding = 4; lastKnownFileType = sourcecode.swift; path = Coord.swift; sourceTree = "<group>"; };
		7AF7041B297DA46E00CD01B9 /* CurrentWeather.swift */ = {isa = PBXFileReference; fileEncoding = 4; lastKnownFileType = sourcecode.swift; path = CurrentWeather.swift; sourceTree = "<group>"; };
		7AF7041C297DA46E00CD01B9 /* Clouds.swift */ = {isa = PBXFileReference; fileEncoding = 4; lastKnownFileType = sourcecode.swift; path = Clouds.swift; sourceTree = "<group>"; };
/* End PBXFileReference section */

/* Begin PBXFrameworksBuildPhase section */
		7AAE96C2297D3E2B00CEF61E /* Frameworks */ = {
			isa = PBXFrameworksBuildPhase;
			buildActionMask = 2147483647;
			files = (
				7AF70414297D9AB800CD01B9 /* ObjectMapper in Frameworks */,
				7AF70417297D9AF800CD01B9 /* Alamofire in Frameworks */,
			);
			runOnlyForDeploymentPostprocessing = 0;
		};
/* End PBXFrameworksBuildPhase section */

/* Begin PBXGroup section */
		7AAE96BC297D3E2B00CEF61E = {
			isa = PBXGroup;
			children = (
				7AAE96C7297D3E2B00CEF61E /* WeatherApp */,
				7AAE96C6297D3E2B00CEF61E /* Products */,
			);
			sourceTree = "<group>";
		};
		7AAE96C6297D3E2B00CEF61E /* Products */ = {
			isa = PBXGroup;
			children = (
				7AAE96C5297D3E2B00CEF61E /* WeatherApp.app */,
			);
			name = Products;
			sourceTree = "<group>";
		};
		7AAE96C7297D3E2B00CEF61E /* WeatherApp */ = {
			isa = PBXGroup;
			children = (
				7AAE96C8297D3E2B00CEF61E /* AppDelegate.swift */,
				7AAE96CA297D3E2B00CEF61E /* SceneDelegate.swift */,
				7AF70410297D8FAE00CD01B9 /* Request */,
				7AF7040F297D8F1F00CD01B9 /* Model */,
				7AAE96E2297D3F8F00CEF61E /* WeatherDetail */,
				7AAE96E3297D3FB300CEF61E /* WeatherList */,
				7AAE96E6297D437D00CEF61E /* Weather.storyboard */,
				7AAE96D4297D3E2C00CEF61E /* Assets.xcassets */,
				7AAE96D6297D3E2C00CEF61E /* LaunchScreen.storyboard */,
				7AAE96D9297D3E2C00CEF61E /* Info.plist */,
				7AAE96D1297D3E2B00CEF61E /* WeatherApp.xcdatamodeld */,
			);
			path = WeatherApp;
			sourceTree = "<group>";
		};
		7AAE96E2297D3F8F00CEF61E /* WeatherDetail */ = {
			isa = PBXGroup;
			children = (
				7AAE96CC297D3E2B00CEF61E /* WeatherViewController.swift */,
			);
			path = WeatherDetail;
			sourceTree = "<group>";
		};
		7AAE96E3297D3FB300CEF61E /* WeatherList */ = {
			isa = PBXGroup;
			children = (
				7AAE96EA297D4EDC00CEF61E /* WeatherListTableViewController.swift */,
			);
			path = WeatherList;
			sourceTree = "<group>";
		};
		7AF7040F297D8F1F00CD01B9 /* Model */ = {
			isa = PBXGroup;
			children = (
				7A9BBE0C297DBEB100CBD1FD /* City.swift */,
				7AF7041C297DA46E00CD01B9 /* Clouds.swift */,
				7AF70418297DA46E00CD01B9 /* Coord.swift */,
				7A9BBE10297DBEB100CBD1FD /* Forecast.swift */,
				7A9BBE0E297DBEB100CBD1FD /* List.swift */,
				7A9BBE12297DBEB100CBD1FD /* Main.swift */,
				7A9BBE11297DBEB100CBD1FD /* Sys.swift */,
				7A9BBE0D297DBEB100CBD1FD /* Weather.swift */,
				7A9BBE1D297DCE8F00CBD1FD /* Wind.swift */,
				7AF7041B297DA46E00CD01B9 /* CurrentWeather.swift */,
				7AF7040C297D8F1A00CD01B9 /* CityBase.swift */,
			);
			path = Model;
			sourceTree = "<group>";
		};
		7AF70410297D8FAE00CD01B9 /* Request */ = {
			isa = PBXGroup;
			children = (
				7AAE96F2297D576900CEF61E /* WeatherCityRequest.swift */,
			);
			path = Request;
			sourceTree = "<group>";
		};
/* End PBXGroup section */

/* Begin PBXNativeTarget section */
		7AAE96C4297D3E2B00CEF61E /* WeatherApp */ = {
			isa = PBXNativeTarget;
			buildConfigurationList = 7AAE96DC297D3E2C00CEF61E /* Build configuration list for PBXNativeTarget "WeatherApp" */;
			buildPhases = (
				7AAE96C1297D3E2B00CEF61E /* Sources */,
				7AAE96C2297D3E2B00CEF61E /* Frameworks */,
				7AAE96C3297D3E2B00CEF61E /* Resources */,
			);
			buildRules = (
			);
			dependencies = (
			);
			name = WeatherApp;
			packageProductDependencies = (
				7AF70413297D9AB800CD01B9 /* ObjectMapper */,
				7AF70416297D9AF800CD01B9 /* Alamofire */,
			);
			productName = WeatherApp;
			productReference = 7AAE96C5297D3E2B00CEF61E /* WeatherApp.app */;
			productType = "com.apple.product-type.application";
		};
/* End PBXNativeTarget section */

/* Begin PBXProject section */
		7AAE96BD297D3E2B00CEF61E /* Project object */ = {
			isa = PBXProject;
			attributes = {
				BuildIndependentTargetsInParallel = 1;
				LastSwiftUpdateCheck = 1420;
				LastUpgradeCheck = 1420;
				TargetAttributes = {
					7AAE96C4297D3E2B00CEF61E = {
						CreatedOnToolsVersion = 14.2;
					};
				};
			};
			buildConfigurationList = 7AAE96C0297D3E2B00CEF61E /* Build configuration list for PBXProject "WeatherApp" */;
			compatibilityVersion = "Xcode 14.0";
			developmentRegion = en;
			hasScannedForEncodings = 0;
			knownRegions = (
				en,
				Base,
			);
			mainGroup = 7AAE96BC297D3E2B00CEF61E;
			packageReferences = (
				7AF70412297D9AB800CD01B9 /* XCRemoteSwiftPackageReference "ObjectMapper" */,
				7AF70415297D9AF800CD01B9 /* XCRemoteSwiftPackageReference "Alamofire" */,
			);
			productRefGroup = 7AAE96C6297D3E2B00CEF61E /* Products */;
			projectDirPath = "";
			projectRoot = "";
			targets = (
				7AAE96C4297D3E2B00CEF61E /* WeatherApp */,
			);
		};
/* End PBXProject section */

/* Begin PBXResourcesBuildPhase section */
		7AAE96C3297D3E2B00CEF61E /* Resources */ = {
			isa = PBXResourcesBuildPhase;
			buildActionMask = 2147483647;
			files = (
				7AAE96D8297D3E2C00CEF61E /* LaunchScreen.storyboard in Resources */,
				7AAE96E7297D437D00CEF61E /* Weather.storyboard in Resources */,
				7AAE96D5297D3E2C00CEF61E /* Assets.xcassets in Resources */,
			);
			runOnlyForDeploymentPostprocessing = 0;
		};
/* End PBXResourcesBuildPhase section */

/* Begin PBXSourcesBuildPhase section */
		7AAE96C1297D3E2B00CEF61E /* Sources */ = {
			isa = PBXSourcesBuildPhase;
			buildActionMask = 2147483647;
			files = (
				7AAE96F3297D576900CEF61E /* WeatherCityRequest.swift in Sources */,
				7AF70422297DA46E00CD01B9 /* CurrentWeather.swift in Sources */,
				7A9BBE16297DBEB100CBD1FD /* Weather.swift in Sources */,
				7A9BBE1A297DBEB100CBD1FD /* Sys.swift in Sources */,
				7AAE96EB297D4EDC00CEF61E /* WeatherListTableViewController.swift in Sources */,
				7A9BBE1C297DC49C00CBD1FD /* Forecast.swift in Sources */,
				7AF7040E297D8F1A00CD01B9 /* CityBase.swift in Sources */,
				7AAE96D3297D3E2B00CEF61E /* WeatherApp.xcdatamodeld in Sources */,
				7A9BBE1B297DBEB100CBD1FD /* Main.swift in Sources */,
				7A9BBE15297DBEB100CBD1FD /* City.swift in Sources */,
				7A9BBE1E297DCE9000CBD1FD /* Wind.swift in Sources */,
				7AAE96CD297D3E2B00CEF61E /* WeatherViewController.swift in Sources */,
				7AF7041F297DA46E00CD01B9 /* Coord.swift in Sources */,
				7AAE96C9297D3E2B00CEF61E /* AppDelegate.swift in Sources */,
				7AF70423297DA46E00CD01B9 /* Clouds.swift in Sources */,
				7AAE96CB297D3E2B00CEF61E /* SceneDelegate.swift in Sources */,
				7A9BBE17297DBEB100CBD1FD /* List.swift in Sources */,
			);
			runOnlyForDeploymentPostprocessing = 0;
		};
/* End PBXSourcesBuildPhase section */

/* Begin PBXVariantGroup section */
		7AAE96D6297D3E2C00CEF61E /* LaunchScreen.storyboard */ = {
			isa = PBXVariantGroup;
			children = (
				7AAE96D7297D3E2C00CEF61E /* Base */,
			);
			name = LaunchScreen.storyboard;
			sourceTree = "<group>";
		};
/* End PBXVariantGroup section */

/* Begin XCBuildConfiguration section */
		7AAE96DA297D3E2C00CEF61E /* Debug */ = {
			isa = XCBuildConfiguration;
			buildSettings = {
				ALWAYS_SEARCH_USER_PATHS = NO;
				CLANG_ANALYZER_NONNULL = YES;
				CLANG_ANALYZER_NUMBER_OBJECT_CONVERSION = YES_AGGRESSIVE;
				CLANG_CXX_LANGUAGE_STANDARD = "gnu++20";
				CLANG_ENABLE_MODULES = YES;
				CLANG_ENABLE_OBJC_ARC = YES;
				CLANG_ENABLE_OBJC_WEAK = YES;
				CLANG_WARN_BLOCK_CAPTURE_AUTORELEASING = YES;
				CLANG_WARN_BOOL_CONVERSION = YES;
				CLANG_WARN_COMMA = YES;
				CLANG_WARN_CONSTANT_CONVERSION = YES;
				CLANG_WARN_DEPRECATED_OBJC_IMPLEMENTATIONS = YES;
				CLANG_WARN_DIRECT_OBJC_ISA_USAGE = YES_ERROR;
				CLANG_WARN_DOCUMENTATION_COMMENTS = YES;
				CLANG_WARN_EMPTY_BODY = YES;
				CLANG_WARN_ENUM_CONVERSION = YES;
				CLANG_WARN_INFINITE_RECURSION = YES;
				CLANG_WARN_INT_CONVERSION = YES;
				CLANG_WARN_NON_LITERAL_NULL_CONVERSION = YES;
				CLANG_WARN_OBJC_IMPLICIT_RETAIN_SELF = YES;
				CLANG_WARN_OBJC_LITERAL_CONVERSION = YES;
				CLANG_WARN_OBJC_ROOT_CLASS = YES_ERROR;
				CLANG_WARN_QUOTED_INCLUDE_IN_FRAMEWORK_HEADER = YES;
				CLANG_WARN_RANGE_LOOP_ANALYSIS = YES;
				CLANG_WARN_STRICT_PROTOTYPES = YES;
				CLANG_WARN_SUSPICIOUS_MOVE = YES;
				CLANG_WARN_UNGUARDED_AVAILABILITY = YES_AGGRESSIVE;
				CLANG_WARN_UNREACHABLE_CODE = YES;
				CLANG_WARN__DUPLICATE_METHOD_MATCH = YES;
				COPY_PHASE_STRIP = NO;
				DEBUG_INFORMATION_FORMAT = dwarf;
				ENABLE_STRICT_OBJC_MSGSEND = YES;
				ENABLE_TESTABILITY = YES;
				GCC_C_LANGUAGE_STANDARD = gnu11;
				GCC_DYNAMIC_NO_PIC = NO;
				GCC_NO_COMMON_BLOCKS = YES;
				GCC_OPTIMIZATION_LEVEL = 0;
				GCC_PREPROCESSOR_DEFINITIONS = (
					"DEBUG=1",
					"$(inherited)",
				);
				GCC_WARN_64_TO_32_BIT_CONVERSION = YES;
				GCC_WARN_ABOUT_RETURN_TYPE = YES_ERROR;
				GCC_WARN_UNDECLARED_SELECTOR = YES;
				GCC_WARN_UNINITIALIZED_AUTOS = YES_AGGRESSIVE;
				GCC_WARN_UNUSED_FUNCTION = YES;
				GCC_WARN_UNUSED_VARIABLE = YES;
				IPHONEOS_DEPLOYMENT_TARGET = 16.2;
				MTL_ENABLE_DEBUG_INFO = INCLUDE_SOURCE;
				MTL_FAST_MATH = YES;
				ONLY_ACTIVE_ARCH = YES;
				SDKROOT = iphoneos;
				SWIFT_ACTIVE_COMPILATION_CONDITIONS = DEBUG;
				SWIFT_OPTIMIZATION_LEVEL = "-Onone";
			};
			name = Debug;
		};
		7AAE96DB297D3E2C00CEF61E /* Release */ = {
			isa = XCBuildConfiguration;
			buildSettings = {
				ALWAYS_SEARCH_USER_PATHS = NO;
				CLANG_ANALYZER_NONNULL = YES;
				CLANG_ANALYZER_NUMBER_OBJECT_CONVERSION = YES_AGGRESSIVE;
				CLANG_CXX_LANGUAGE_STANDARD = "gnu++20";
				CLANG_ENABLE_MODULES = YES;
				CLANG_ENABLE_OBJC_ARC = YES;
				CLANG_ENABLE_OBJC_WEAK = YES;
				CLANG_WARN_BLOCK_CAPTURE_AUTORELEASING = YES;
				CLANG_WARN_BOOL_CONVERSION = YES;
				CLANG_WARN_COMMA = YES;
				CLANG_WARN_CONSTANT_CONVERSION = YES;
				CLANG_WARN_DEPRECATED_OBJC_IMPLEMENTATIONS = YES;
				CLANG_WARN_DIRECT_OBJC_ISA_USAGE = YES_ERROR;
				CLANG_WARN_DOCUMENTATION_COMMENTS = YES;
				CLANG_WARN_EMPTY_BODY = YES;
				CLANG_WARN_ENUM_CONVERSION = YES;
				CLANG_WARN_INFINITE_RECURSION = YES;
				CLANG_WARN_INT_CONVERSION = YES;
				CLANG_WARN_NON_LITERAL_NULL_CONVERSION = YES;
				CLANG_WARN_OBJC_IMPLICIT_RETAIN_SELF = YES;
				CLANG_WARN_OBJC_LITERAL_CONVERSION = YES;
				CLANG_WARN_OBJC_ROOT_CLASS = YES_ERROR;
				CLANG_WARN_QUOTED_INCLUDE_IN_FRAMEWORK_HEADER = YES;
				CLANG_WARN_RANGE_LOOP_ANALYSIS = YES;
				CLANG_WARN_STRICT_PROTOTYPES = YES;
				CLANG_WARN_SUSPICIOUS_MOVE = YES;
				CLANG_WARN_UNGUARDED_AVAILABILITY = YES_AGGRESSIVE;
				CLANG_WARN_UNREACHABLE_CODE = YES;
				CLANG_WARN__DUPLICATE_METHOD_MATCH = YES;
				COPY_PHASE_STRIP = NO;
				DEBUG_INFORMATION_FORMAT = "dwarf-with-dsym";
				ENABLE_NS_ASSERTIONS = NO;
				ENABLE_STRICT_OBJC_MSGSEND = YES;
				GCC_C_LANGUAGE_STANDARD = gnu11;
				GCC_NO_COMMON_BLOCKS = YES;
				GCC_WARN_64_TO_32_BIT_CONVERSION = YES;
				GCC_WARN_ABOUT_RETURN_TYPE = YES_ERROR;
				GCC_WARN_UNDECLARED_SELECTOR = YES;
				GCC_WARN_UNINITIALIZED_AUTOS = YES_AGGRESSIVE;
				GCC_WARN_UNUSED_FUNCTION = YES;
				GCC_WARN_UNUSED_VARIABLE = YES;
				IPHONEOS_DEPLOYMENT_TARGET = 16.2;
				MTL_ENABLE_DEBUG_INFO = NO;
				MTL_FAST_MATH = YES;
				SDKROOT = iphoneos;
				SWIFT_COMPILATION_MODE = wholemodule;
				SWIFT_OPTIMIZATION_LEVEL = "-O";
				VALIDATE_PRODUCT = YES;
			};
			name = Release;
		};
		7AAE96DD297D3E2C00CEF61E /* Debug */ = {
			isa = XCBuildConfiguration;
			buildSettings = {
				ASSETCATALOG_COMPILER_APPICON_NAME = AppIcon;
				ASSETCATALOG_COMPILER_GLOBAL_ACCENT_COLOR_NAME = AccentColor;
				CODE_SIGN_STYLE = Automatic;
				CURRENT_PROJECT_VERSION = 1;
				GENERATE_INFOPLIST_FILE = YES;
				INFOPLIST_FILE = WeatherApp/Info.plist;
				INFOPLIST_KEY_UIApplicationSupportsIndirectInputEvents = YES;
				INFOPLIST_KEY_UILaunchStoryboardName = LaunchScreen;
				INFOPLIST_KEY_UIMainStoryboardFile = Weather;
				INFOPLIST_KEY_UISupportedInterfaceOrientations_iPad = "UIInterfaceOrientationPortrait UIInterfaceOrientationPortraitUpsideDown UIInterfaceOrientationLandscapeLeft UIInterfaceOrientationLandscapeRight";
				INFOPLIST_KEY_UISupportedInterfaceOrientations_iPhone = "UIInterfaceOrientationPortrait UIInterfaceOrientationLandscapeLeft UIInterfaceOrientationLandscapeRight";
				LD_RUNPATH_SEARCH_PATHS = (
					"$(inherited)",
					"@executable_path/Frameworks",
				);
				MARKETING_VERSION = 1.0;
				PRODUCT_BUNDLE_IDENTIFIER = com.test.ks.WeatherApp;
				PRODUCT_NAME = "$(TARGET_NAME)";
				SWIFT_EMIT_LOC_STRINGS = YES;
				SWIFT_VERSION = 5.0;
				TARGETED_DEVICE_FAMILY = "1,2";
			};
			name = Debug;
		};
		7AAE96DE297D3E2C00CEF61E /* Release */ = {
			isa = XCBuildConfiguration;
			buildSettings = {
				ASSETCATALOG_COMPILER_APPICON_NAME = AppIcon;
				ASSETCATALOG_COMPILER_GLOBAL_ACCENT_COLOR_NAME = AccentColor;
				CODE_SIGN_STYLE = Automatic;
				CURRENT_PROJECT_VERSION = 1;
				GENERATE_INFOPLIST_FILE = YES;
				INFOPLIST_FILE = WeatherApp/Info.plist;
				INFOPLIST_KEY_UIApplicationSupportsIndirectInputEvents = YES;
				INFOPLIST_KEY_UILaunchStoryboardName = LaunchScreen;
				INFOPLIST_KEY_UIMainStoryboardFile = Weather;
				INFOPLIST_KEY_UISupportedInterfaceOrientations_iPad = "UIInterfaceOrientationPortrait UIInterfaceOrientationPortraitUpsideDown UIInterfaceOrientationLandscapeLeft UIInterfaceOrientationLandscapeRight";
				INFOPLIST_KEY_UISupportedInterfaceOrientations_iPhone = "UIInterfaceOrientationPortrait UIInterfaceOrientationLandscapeLeft UIInterfaceOrientationLandscapeRight";
				LD_RUNPATH_SEARCH_PATHS = (
					"$(inherited)",
					"@executable_path/Frameworks",
				);
				MARKETING_VERSION = 1.0;
				PRODUCT_BUNDLE_IDENTIFIER = com.test.ks.WeatherApp;
				PRODUCT_NAME = "$(TARGET_NAME)";
				SWIFT_EMIT_LOC_STRINGS = YES;
				SWIFT_VERSION = 5.0;
				TARGETED_DEVICE_FAMILY = "1,2";
			};
			name = Release;
		};
/* End XCBuildConfiguration section */

/* Begin XCConfigurationList section */
		7AAE96C0297D3E2B00CEF61E /* Build configuration list for PBXProject "WeatherApp" */ = {
			isa = XCConfigurationList;
			buildConfigurations = (
				7AAE96DA297D3E2C00CEF61E /* Debug */,
				7AAE96DB297D3E2C00CEF61E /* Release */,
			);
			defaultConfigurationIsVisible = 0;
			defaultConfigurationName = Release;
		};
		7AAE96DC297D3E2C00CEF61E /* Build configuration list for PBXNativeTarget "WeatherApp" */ = {
			isa = XCConfigurationList;
			buildConfigurations = (
				7AAE96DD297D3E2C00CEF61E /* Debug */,
				7AAE96DE297D3E2C00CEF61E /* Release */,
			);
			defaultConfigurationIsVisible = 0;
			defaultConfigurationName = Release;
		};
/* End XCConfigurationList section */

/* Begin XCRemoteSwiftPackageReference section */
		7AF70412297D9AB800CD01B9 /* XCRemoteSwiftPackageReference "ObjectMapper" */ = {
			isa = XCRemoteSwiftPackageReference;
			repositoryURL = "https://github.com/tristanhimmelman/ObjectMapper.git";
			requirement = {
				kind = upToNextMajorVersion;
				minimumVersion = 4.0.1;
			};
		};
		7AF70415297D9AF800CD01B9 /* XCRemoteSwiftPackageReference "Alamofire" */ = {
			isa = XCRemoteSwiftPackageReference;
			repositoryURL = "https://github.com/Alamofire/Alamofire.git";
			requirement = {
				kind = upToNextMajorVersion;
				minimumVersion = 5.6.4;
			};
		};
/* End XCRemoteSwiftPackageReference section */

/* Begin XCSwiftPackageProductDependency section */
		7AF70413297D9AB800CD01B9 /* ObjectMapper */ = {
			isa = XCSwiftPackageProductDependency;
			package = 7AF70412297D9AB800CD01B9 /* XCRemoteSwiftPackageReference "ObjectMapper" */;
			productName = ObjectMapper;
		};
		7AF70416297D9AF800CD01B9 /* Alamofire */ = {
			isa = XCSwiftPackageProductDependency;
			package = 7AF70415297D9AF800CD01B9 /* XCRemoteSwiftPackageReference "Alamofire" */;
			productName = Alamofire;
		};
/* End XCSwiftPackageProductDependency section */

/* Begin XCVersionGroup section */
		7AAE96D1297D3E2B00CEF61E /* WeatherApp.xcdatamodeld */ = {
			isa = XCVersionGroup;
			children = (
				7AAE96D2297D3E2B00CEF61E /* WeatherApp.xcdatamodel */,
			);
			currentVersion = 7AAE96D2297D3E2B00CEF61E /* WeatherApp.xcdatamodel */;
			path = WeatherApp.xcdatamodeld;
			sourceTree = "<group>";
			versionGroupType = wrapper.xcdatamodel;
		};
/* End XCVersionGroup section */
	};
	rootObject = 7AAE96BD297D3E2B00CEF61E /* Project object */;
}
